
Microsoft Visual Studio Solution File, Format Version 12.00
# Visual Studio Version 17
VisualStudioVersion = 17.6.33815.320
MinimumVisualStudioVersion = 10.0.40219.1
Project("{FAE04EC0-301F-11D3-BF4B-00C04F79EFBC}") = "login", "login\login.csproj", "{F15F545C-2E44-44F3-B3A4-AEEDD6430226}"
EndProject
Global
	GlobalSection(SolutionConfigurationPlatforms) = preSolution
		Debug|Any CPU = Debug|Any CPU
		Release|Any CPU = Release|Any CPU
	EndGlobalSection
	GlobalSection(ProjectConfigurationPlatforms) = postSolution
		{F15F545C-2E44-44F3-B3A4-AEEDD6430226}.Debug|Any CPU.ActiveCfg = Debug|Any CPU
		{F15F545C-2E44-44F3-B3A4-AEEDD6430226}.Debug|Any CPU.Build.0 = Debug|Any CPU
		{F15F545C-2E44-44F3-B3A4-AEEDD6430226}.Release|Any CPU.ActiveCfg = Release|Any CPU
		{F15F545C-2E44-44F3-B3A4-AEEDD6430226}.Release|Any CPU.Build.0 = Release|Any CPU
	EndGlobalSection
	GlobalSection(SolutionProperties) = preSolution
		HideSolutionNode = FALSE
	EndGlobalSection
	GlobalSection(ExtensibilityGlobals) = postSolution
		SolutionGuid = {50BDB78C-B4D5-4F71-AF25-4A7540D2E875}
	EndGlobalSection
EndGlobal
